uuid: 5a8b0b85-2e33-44d1-9e60-f41f5ddad4f6
langcode: en
status: true
dependencies:
  content:
    - 'block_content:social_link:866eabd4-40c9-427c-a306-4043bf45a377'
  module:
    - block_content
  theme:
    - olivero
id: olivero_examplelinkblock
theme: olivero
region: header
weight: -3
provider: null
plugin: 'block_content:866eabd4-40c9-427c-a306-4043bf45a377'
settings:
  id: 'block_content:866eabd4-40c9-427c-a306-4043bf45a377'
  label: 'Example link block'
  label_display: '0'
  provider: block_content
  status: true
  info: ''
  view_mode: full
visibility: {  }
