uuid: b79f8004-05a5-4ef6-8388-ab8b8d5ead9c
langcode: en
status: true
dependencies:
  module:
    - block_content
    - file
    - image
id: block_content.field_double_image_block
field_name: field_double_image_block
entity_type: block_content
type: image
settings:
  target_type: file
  display_field: false
  display_default: true
  uri_scheme: public
  default_image:
    uuid: ''
    alt: ''
    title: ''
    width: null
    height: null
module: image
locked: false
cardinality: 2
translatable: true
indexes: {  }
persist_with_no_fields: false
custom_storage: false
